// !$*UTF8*$!
{
	archiveVersion = 1;
	classes = {
	};
	objectVersion = 56;
	objects = {

/* Begin PBXBuildFile section */
		3975582B46A8A5C265A88C0E /* Pods_BudjeteProgram.framework in Frameworks */ = {isa = PBXBuildFile; fileRef = 7AD3C4F7DD77CD49C9FF4169 /* Pods_BudjeteProgram.framework */; };
		560A806C2AF241CB00F5C96C /* SecoundControllerBottomView.swift in Sources */ = {isa = PBXBuildFile; fileRef = 560A806B2AF241CB00F5C96C /* SecoundControllerBottomView.swift */; };
		560A80712AF24A0700F5C96C /* first.png in Resources */ = {isa = PBXBuildFile; fileRef = 560A806F2AF24A0700F5C96C /* first.png */; };
		560A80722AF24A0700F5C96C /* secound.png in Resources */ = {isa = PBXBuildFile; fileRef = 560A80702AF24A0700F5C96C /* secound.png */; };
		560E76292AEE5154001AEB07 /* AppDelegate.swift in Sources */ = {isa = PBXBuildFile; fileRef = 560E76282AEE5154001AEB07 /* AppDelegate.swift */; };
		560E762B2AEE5154001AEB07 /* SceneDelegate.swift in Sources */ = {isa = PBXBuildFile; fileRef = 560E762A2AEE5154001AEB07 /* SceneDelegate.swift */; };
		560E762D2AEE5154001AEB07 /* ViewController.swift in Sources */ = {isa = PBXBuildFile; fileRef = 560E762C2AEE5154001AEB07 /* ViewController.swift */; };
		560E76322AEE5155001AEB07 /* Assets.xcassets in Resources */ = {isa = PBXBuildFile; fileRef = 560E76312AEE5155001AEB07 /* Assets.xcassets */; };
		560E76352AEE5155001AEB07 /* LaunchScreen.storyboard in Resources */ = {isa = PBXBuildFile; fileRef = 560E76332AEE5155001AEB07 /* LaunchScreen.storyboard */; };
		560E76402AEE5317001AEB07 /* BudgeteHeaderView.swift in Sources */ = {isa = PBXBuildFile; fileRef = 560E763F2AEE5317001AEB07 /* BudgeteHeaderView.swift */; };
		560E76432AEE5474001AEB07 /* Manrope-Bold.ttf in Resources */ = {isa = PBXBuildFile; fileRef = 560E76422AEE5474001AEB07 /* Manrope-Bold.ttf */; };
		560E76462AEE54B9001AEB07 /* Inter-SemiBold.ttf in Resources */ = {isa = PBXBuildFile; fileRef = 560E76442AEE54B8001AEB07 /* Inter-SemiBold.ttf */; };
		560E76472AEE54B9001AEB07 /* Inter-Regular.ttf in Resources */ = {isa = PBXBuildFile; fileRef = 560E76452AEE54B9001AEB07 /* Inter-Regular.ttf */; };
		560E76492AEE66C9001AEB07 /* HistoryTableViewCell.swift in Sources */ = {isa = PBXBuildFile; fileRef = 560E76482AEE66C9001AEB07 /* HistoryTableViewCell.swift */; };
		560E764B2AEED51C001AEB07 /* SecoundViewController.swift in Sources */ = {isa = PBXBuildFile; fileRef = 560E764A2AEED51C001AEB07 /* SecoundViewController.swift */; };
		560E764D2AEED726001AEB07 /* Constants.swift in Sources */ = {isa = PBXBuildFile; fileRef = 560E764C2AEED726001AEB07 /* Constants.swift */; };
/* End PBXBuildFile section */

/* Begin PBXFileReference section */
		560A806B2AF241CB00F5C96C /* SecoundControllerBottomView.swift */ = {isa = PBXFileReference; lastKnownFileType = sourcecode.swift; path = SecoundControllerBottomView.swift; sourceTree = "<group>"; };
		560A806D2AF2499700F5C96C /* README.md */ = {isa = PBXFileReference; lastKnownFileType = net.daringfireball.markdown; path = README.md; sourceTree = "<group>"; };
		560A806F2AF24A0700F5C96C /* first.png */ = {isa = PBXFileReference; lastKnownFileType = image.png; path = first.png; sourceTree = "<group>"; };
		560A80702AF24A0700F5C96C /* secound.png */ = {isa = PBXFileReference; lastKnownFileType = image.png; path = secound.png; sourceTree = "<group>"; };
		560E76252AEE5154001AEB07 /* BudjeteProgram.app */ = {isa = PBXFileReference; explicitFileType = wrapper.application; includeInIndex = 0; path = BudjeteProgram.app; sourceTree = BUILT_PRODUCTS_DIR; };
		560E76282AEE5154001AEB07 /* AppDelegate.swift */ = {isa = PBXFileReference; lastKnownFileType = sourcecode.swift; path = AppDelegate.swift; sourceTree = "<group>"; };
		560E762A2AEE5154001AEB07 /* SceneDelegate.swift */ = {isa = PBXFileReference; lastKnownFileType = sourcecode.swift; path = SceneDelegate.swift; sourceTree = "<group>"; };
		560E762C2AEE5154001AEB07 /* ViewController.swift */ = {isa = PBXFileReference; lastKnownFileType = sourcecode.swift; path = ViewController.swift; sourceTree = "<group>"; };
		560E76312AEE5155001AEB07 /* Assets.xcassets */ = {isa = PBXFileReference; lastKnownFileType = folder.assetcatalog; path = Assets.xcassets; sourceTree = "<group>"; };
		560E76342AEE5155001AEB07 /* Base */ = {isa = PBXFileReference; lastKnownFileType = file.storyboard; name = Base; path = Base.lproj/LaunchScreen.storyboard; sourceTree = "<group>"; };
		560E76362AEE5155001AEB07 /* Info.plist */ = {isa = PBXFileReference; lastKnownFileType = text.plist.xml; path = Info.plist; sourceTree = "<group>"; };
		560E763F2AEE5317001AEB07 /* BudgeteHeaderView.swift */ = {isa = PBXFileReference; lastKnownFileType = sourcecode.swift; path = BudgeteHeaderView.swift; sourceTree = "<group>"; };
		560E76422AEE5474001AEB07 /* Manrope-Bold.ttf */ = {isa = PBXFileReference; lastKnownFileType = file; path = "Manrope-Bold.ttf"; sourceTree = "<group>"; };
		560E76442AEE54B8001AEB07 /* Inter-SemiBold.ttf */ = {isa = PBXFileReference; lastKnownFileType = file; path = "Inter-SemiBold.ttf"; sourceTree = "<group>"; };
		560E76452AEE54B9001AEB07 /* Inter-Regular.ttf */ = {isa = PBXFileReference; lastKnownFileType = file; path = "Inter-Regular.ttf"; sourceTree = "<group>"; };
		560E76482AEE66C9001AEB07 /* HistoryTableViewCell.swift */ = {isa = PBXFileReference; lastKnownFileType = sourcecode.swift; path = HistoryTableViewCell.swift; sourceTree = "<group>"; };
		560E764A2AEED51C001AEB07 /* SecoundViewController.swift */ = {isa = PBXFileReference; lastKnownFileType = sourcecode.swift; path = SecoundViewController.swift; sourceTree = "<group>"; };
		560E764C2AEED726001AEB07 /* Constants.swift */ = {isa = PBXFileReference; lastKnownFileType = sourcecode.swift; path = Constants.swift; sourceTree = "<group>"; };
		7AD3C4F7DD77CD49C9FF4169 /* Pods_BudjeteProgram.framework */ = {isa = PBXFileReference; explicitFileType = wrapper.framework; includeInIndex = 0; path = Pods_BudjeteProgram.framework; sourceTree = BUILT_PRODUCTS_DIR; };
		C2F8185A2A9C6BA9756FA6DB /* Pods-BudjeteProgram.debug.xcconfig */ = {isa = PBXFileReference; includeInIndex = 1; lastKnownFileType = text.xcconfig; name = "Pods-BudjeteProgram.debug.xcconfig"; path = "Target Support Files/Pods-BudjeteProgram/Pods-BudjeteProgram.debug.xcconfig"; sourceTree = "<group>"; };
		E8F3A1689AD1C0D28562E889 /* Pods-BudjeteProgram.release.xcconfig */ = {isa = PBXFileReference; includeInIndex = 1; lastKnownFileType = text.xcconfig; name = "Pods-BudjeteProgram.release.xcconfig"; path = "Target Support Files/Pods-BudjeteProgram/Pods-BudjeteProgram.release.xcconfig"; sourceTree = "<group>"; };
/* End PBXFileReference section */

/* Begin PBXFrameworksBuildPhase section */
		560E76222AEE5154001AEB07 /* Frameworks */ = {
			isa = PBXFrameworksBuildPhase;
			buildActionMask = 2147483647;
			files = (
				3975582B46A8A5C265A88C0E /* Pods_BudjeteProgram.framework in Frameworks */,
			);
			runOnlyForDeploymentPostprocessing = 0;
		};
/* End PBXFrameworksBuildPhase section */

/* Begin PBXGroup section */
		560A806E2AF249F300F5C96C /* Screenshots */ = {
			isa = PBXGroup;
			children = (
				560A806F2AF24A0700F5C96C /* first.png */,
				560A80702AF24A0700F5C96C /* secound.png */,
			);
			path = Screenshots;
			sourceTree = "<group>";
		};
		560E761C2AEE5154001AEB07 = {
			isa = PBXGroup;
			children = (
				560A806E2AF249F300F5C96C /* Screenshots */,
				560A806D2AF2499700F5C96C /* README.md */,
				560E76272AEE5154001AEB07 /* BudjeteProgram */,
				560E76262AEE5154001AEB07 /* Products */,
				F069C25D44E1E2268A332F35 /* Pods */,
				9D1752852A296DC4E5268925 /* Frameworks */,
			);
			sourceTree = "<group>";
		};
		560E76262AEE5154001AEB07 /* Products */ = {
			isa = PBXGroup;
			children = (
				560E76252AEE5154001AEB07 /* BudjeteProgram.app */,
			);
			name = Products;
			sourceTree = "<group>";
		};
		560E76272AEE5154001AEB07 /* BudjeteProgram */ = {
			isa = PBXGroup;
			children = (
				560E76412AEE5461001AEB07 /* Fonts */,
				560E763E2AEE52D8001AEB07 /* Views */,
				560E763C2AEE51EA001AEB07 /* SceneCylce */,
				560E763D2AEE5205001AEB07 /* Controller */,
				560E76312AEE5155001AEB07 /* Assets.xcassets */,
				560E76332AEE5155001AEB07 /* LaunchScreen.storyboard */,
				560E76362AEE5155001AEB07 /* Info.plist */,
				560E764C2AEED726001AEB07 /* Constants.swift */,
			);
			path = BudjeteProgram;
			sourceTree = "<group>";
		};
		560E763C2AEE51EA001AEB07 /* SceneCylce */ = {
			isa = PBXGroup;
			children = (
				560E76282AEE5154001AEB07 /* AppDelegate.swift */,
				560E762A2AEE5154001AEB07 /* SceneDelegate.swift */,
			);
			path = SceneCylce;
			sourceTree = "<group>";
		};
		560E763D2AEE5205001AEB07 /* Controller */ = {
			isa = PBXGroup;
			children = (
				560E762C2AEE5154001AEB07 /* ViewController.swift */,
				560E764A2AEED51C001AEB07 /* SecoundViewController.swift */,
			);
			path = Controller;
			sourceTree = "<group>";
		};
		560E763E2AEE52D8001AEB07 /* Views */ = {
			isa = PBXGroup;
			children = (
				560E763F2AEE5317001AEB07 /* BudgeteHeaderView.swift */,
				560E76482AEE66C9001AEB07 /* HistoryTableViewCell.swift */,
				560A806B2AF241CB00F5C96C /* SecoundControllerBottomView.swift */,
			);
			path = Views;
			sourceTree = "<group>";
		};
		560E76412AEE5461001AEB07 /* Fonts */ = {
			isa = PBXGroup;
			children = (
				560E76452AEE54B9001AEB07 /* Inter-Regular.ttf */,
				560E76442AEE54B8001AEB07 /* Inter-SemiBold.ttf */,
				560E76422AEE5474001AEB07 /* Manrope-Bold.ttf */,
			);
			path = Fonts;
			sourceTree = "<group>";
		};
		9D1752852A296DC4E5268925 /* Frameworks */ = {
			isa = PBXGroup;
			children = (
				7AD3C4F7DD77CD49C9FF4169 /* Pods_BudjeteProgram.framework */,
			);
			name = Frameworks;
			sourceTree = "<group>";
		};
		F069C25D44E1E2268A332F35 /* Pods */ = {
			isa = PBXGroup;
			children = (
				C2F8185A2A9C6BA9756FA6DB /* Pods-BudjeteProgram.debug.xcconfig */,
				E8F3A1689AD1C0D28562E889 /* Pods-BudjeteProgram.release.xcconfig */,
			);
			path = Pods;
			sourceTree = "<group>";
		};
/* End PBXGroup section */

/* Begin PBXNativeTarget section */
		560E76242AEE5154001AEB07 /* BudjeteProgram */ = {
			isa = PBXNativeTarget;
			buildConfigurationList = 560E76392AEE5155001AEB07 /* Build configuration list for PBXNativeTarget "BudjeteProgram" */;
			buildPhases = (
				9C619BED0A6E3236009059AC /* [CP] Check Pods Manifest.lock */,
				560E76212AEE5154001AEB07 /* Sources */,
				560E76222AEE5154001AEB07 /* Frameworks */,
				560E76232AEE5154001AEB07 /* Resources */,
				A17F1B8BBEBF35370A6C59DE /* [CP] Embed Pods Frameworks */,
			);
			buildRules = (
			);
			dependencies = (
			);
			name = BudjeteProgram;
			productName = BudjeteProgram;
			productReference = 560E76252AEE5154001AEB07 /* BudjeteProgram.app */;
			productType = "com.apple.product-type.application";
		};
/* End PBXNativeTarget section */

/* Begin PBXProject section */
		560E761D2AEE5154001AEB07 /* Project object */ = {
			isa = PBXProject;
			attributes = {
				BuildIndependentTargetsInParallel = 1;
				LastSwiftUpdateCheck = 1500;
				LastUpgradeCheck = 1500;
				TargetAttributes = {
					560E76242AEE5154001AEB07 = {
						CreatedOnToolsVersion = 15.0.1;
					};
				};
			};
			buildConfigurationList = 560E76202AEE5154001AEB07 /* Build configuration list for PBXProject "BudjeteProgram" */;
			compatibilityVersion = "Xcode 14.0";
			developmentRegion = en;
			hasScannedForEncodings = 0;
			knownRegions = (
				en,
				Base,
			);
			mainGroup = 560E761C2AEE5154001AEB07;
			productRefGroup = 560E76262AEE5154001AEB07 /* Products */;
			projectDirPath = "";
			projectRoot = "";
			targets = (
				560E76242AEE5154001AEB07 /* BudjeteProgram */,
			);
		};
/* End PBXProject section */

/* Begin PBXResourcesBuildPhase section */
		560E76232AEE5154001AEB07 /* Resources */ = {
			isa = PBXResourcesBuildPhase;
			buildActionMask = 2147483647;
			files = (
				560E76462AEE54B9001AEB07 /* Inter-SemiBold.ttf in Resources */,
				560A80722AF24A0700F5C96C /* secound.png in Resources */,
				560E76472AEE54B9001AEB07 /* Inter-Regular.ttf in Resources */,
				560E76352AEE5155001AEB07 /* LaunchScreen.storyboard in Resources */,
				560E76432AEE5474001AEB07 /* Manrope-Bold.ttf in Resources */,
				560E76322AEE5155001AEB07 /* Assets.xcassets in Resources */,
				560A80712AF24A0700F5C96C /* first.png in Resources */,
			);
			runOnlyForDeploymentPostprocessing = 0;
		};
/* End PBXResourcesBuildPhase section */

/* Begin PBXShellScriptBuildPhase section */
		9C619BED0A6E3236009059AC /* [CP] Check Pods Manifest.lock */ = {
			isa = PBXShellScriptBuildPhase;
			buildActionMask = 2147483647;
			files = (
			);
			inputFileListPaths = (
			);
			inputPaths = (
				"${PODS_PODFILE_DIR_PATH}/Podfile.lock",
				"${PODS_ROOT}/Manifest.lock",
			);
			name = "[CP] Check Pods Manifest.lock";
			outputFileListPaths = (
			);
			outputPaths = (
				"$(DERIVED_FILE_DIR)/Pods-BudjeteProgram-checkManifestLockResult.txt",
			);
			runOnlyForDeploymentPostprocessing = 0;
			shellPath = /bin/sh;
			shellScript = "diff \"${PODS_PODFILE_DIR_PATH}/Podfile.lock\" \"${PODS_ROOT}/Manifest.lock\" > /dev/null\nif [ $? != 0 ] ; then\n    # print error to STDERR\n    echo \"error: The sandbox is not in sync with the Podfile.lock. Run 'pod install' or update your CocoaPods installation.\" >&2\n    exit 1\nfi\n# This output is used by Xcode 'outputs' to avoid re-running this script phase.\necho \"SUCCESS\" > \"${SCRIPT_OUTPUT_FILE_0}\"\n";
			showEnvVarsInLog = 0;
		};
		A17F1B8BBEBF35370A6C59DE /* [CP] Embed Pods Frameworks */ = {
			isa = PBXShellScriptBuildPhase;
			buildActionMask = 2147483647;
			files = (
			);
			inputFileListPaths = (
				"${PODS_ROOT}/Target Support Files/Pods-BudjeteProgram/Pods-BudjeteProgram-frameworks-${CONFIGURATION}-input-files.xcfilelist",
			);
			name = "[CP] Embed Pods Frameworks";
			outputFileListPaths = (
				"${PODS_ROOT}/Target Support Files/Pods-BudjeteProgram/Pods-BudjeteProgram-frameworks-${CONFIGURATION}-output-files.xcfilelist",
			);
			runOnlyForDeploymentPostprocessing = 0;
			shellPath = /bin/sh;
			shellScript = "\"${PODS_ROOT}/Target Support Files/Pods-BudjeteProgram/Pods-BudjeteProgram-frameworks.sh\"\n";
			showEnvVarsInLog = 0;
		};
/* End PBXShellScriptBuildPhase section */

/* Begin PBXSourcesBuildPhase section */
		560E76212AEE5154001AEB07 /* Sources */ = {
			isa = PBXSourcesBuildPhase;
			buildActionMask = 2147483647;
			files = (
				560E764B2AEED51C001AEB07 /* SecoundViewController.swift in Sources */,
				560E762D2AEE5154001AEB07 /* ViewController.swift in Sources */,
				560E76292AEE5154001AEB07 /* AppDelegate.swift in Sources */,
				560A806C2AF241CB00F5C96C /* SecoundControllerBottomView.swift in Sources */,
				560E76402AEE5317001AEB07 /* BudgeteHeaderView.swift in Sources */,
				560E764D2AEED726001AEB07 /* Constants.swift in Sources */,
				560E762B2AEE5154001AEB07 /* SceneDelegate.swift in Sources */,
				560E76492AEE66C9001AEB07 /* HistoryTableViewCell.swift in Sources */,
			);
			runOnlyForDeploymentPostprocessing = 0;
		};
/* End PBXSourcesBuildPhase section */

/* Begin PBXVariantGroup section */
		560E76332AEE5155001AEB07 /* LaunchScreen.storyboard */ = {
			isa = PBXVariantGroup;
			children = (
				560E76342AEE5155001AEB07 /* Base */,
			);
			name = LaunchScreen.storyboard;
			sourceTree = "<group>";
		};
/* End PBXVariantGroup section */

/* Begin XCBuildConfiguration section */
		560E76372AEE5155001AEB07 /* Debug */ = {
			isa = XCBuildConfiguration;
			buildSettings = {
				ALWAYS_SEARCH_USER_PATHS = NO;
				ASSETCATALOG_COMPILER_GENERATE_SWIFT_ASSET_SYMBOL_EXTENSIONS = YES;
				CLANG_ANALYZER_NONNULL = YES;
				CLANG_ANALYZER_NUMBER_OBJECT_CONVERSION = YES_AGGRESSIVE;
				CLANG_CXX_LANGUAGE_STANDARD = "gnu++20";
				CLANG_ENABLE_MODULES = YES;
				CLANG_ENABLE_OBJC_ARC = YES;
				CLANG_ENABLE_OBJC_WEAK = YES;
				CLANG_WARN_BLOCK_CAPTURE_AUTORELEASING = YES;
				CLANG_WARN_BOOL_CONVERSION = YES;
				CLANG_WARN_COMMA = YES;
				CLANG_WARN_CONSTANT_CONVERSION = YES;
				CLANG_WARN_DEPRECATED_OBJC_IMPLEMENTATIONS = YES;
				CLANG_WARN_DIRECT_OBJC_ISA_USAGE = YES_ERROR;
				CLANG_WARN_DOCUMENTATION_COMMENTS = YES;
				CLANG_WARN_EMPTY_BODY = YES;
				CLANG_WARN_ENUM_CONVERSION = YES;
				CLANG_WARN_INFINITE_RECURSION = YES;
				CLANG_WARN_INT_CONVERSION = YES;
				CLANG_WARN_NON_LITERAL_NULL_CONVERSION = YES;
				CLANG_WARN_OBJC_IMPLICIT_RETAIN_SELF = YES;
				CLANG_WARN_OBJC_LITERAL_CONVERSION = YES;
				CLANG_WARN_OBJC_ROOT_CLASS = YES_ERROR;
				CLANG_WARN_QUOTED_INCLUDE_IN_FRAMEWORK_HEADER = YES;
				CLANG_WARN_RANGE_LOOP_ANALYSIS = YES;
				CLANG_WARN_STRICT_PROTOTYPES = YES;
				CLANG_WARN_SUSPICIOUS_MOVE = YES;
				CLANG_WARN_UNGUARDED_AVAILABILITY = YES_AGGRESSIVE;
				CLANG_WARN_UNREACHABLE_CODE = YES;
				CLANG_WARN__DUPLICATE_METHOD_MATCH = YES;
				COPY_PHASE_STRIP = NO;
				DEBUG_INFORMATION_FORMAT = dwarf;
				ENABLE_STRICT_OBJC_MSGSEND = YES;
				ENABLE_TESTABILITY = YES;
				ENABLE_USER_SCRIPT_SANDBOXING = NO;
				GCC_C_LANGUAGE_STANDARD = gnu17;
				GCC_DYNAMIC_NO_PIC = NO;
				GCC_NO_COMMON_BLOCKS = YES;
				GCC_OPTIMIZATION_LEVEL = 0;
				GCC_PREPROCESSOR_DEFINITIONS = (
					"DEBUG=1",
					"$(inherited)",
				);
				GCC_WARN_64_TO_32_BIT_CONVERSION = YES;
				GCC_WARN_ABOUT_RETURN_TYPE = YES_ERROR;
				GCC_WARN_UNDECLARED_SELECTOR = YES;
				GCC_WARN_UNINITIALIZED_AUTOS = YES_AGGRESSIVE;
				GCC_WARN_UNUSED_FUNCTION = YES;
				GCC_WARN_UNUSED_VARIABLE = YES;
				IPHONEOS_DEPLOYMENT_TARGET = 17.0;
				LOCALIZATION_PREFERS_STRING_CATALOGS = YES;
				MTL_ENABLE_DEBUG_INFO = INCLUDE_SOURCE;
				MTL_FAST_MATH = YES;
				ONLY_ACTIVE_ARCH = YES;
				SDKROOT = iphoneos;
				SWIFT_ACTIVE_COMPILATION_CONDITIONS = "DEBUG $(inherited)";
				SWIFT_OPTIMIZATION_LEVEL = "-Onone";
			};
			name = Debug;
		};
		560E76382AEE5155001AEB07 /* Release */ = {
			isa = XCBuildConfiguration;
			buildSettings = {
				ALWAYS_SEARCH_USER_PATHS = NO;
				ASSETCATALOG_COMPILER_GENERATE_SWIFT_ASSET_SYMBOL_EXTENSIONS = YES;
				CLANG_ANALYZER_NONNULL = YES;
				CLANG_ANALYZER_NUMBER_OBJECT_CONVERSION = YES_AGGRESSIVE;
				CLANG_CXX_LANGUAGE_STANDARD = "gnu++20";
				CLANG_ENABLE_MODULES = YES;
				CLANG_ENABLE_OBJC_ARC = YES;
				CLANG_ENABLE_OBJC_WEAK = YES;
				CLANG_WARN_BLOCK_CAPTURE_AUTORELEASING = YES;
				CLANG_WARN_BOOL_CONVERSION = YES;
				CLANG_WARN_COMMA = YES;
				CLANG_WARN_CONSTANT_CONVERSION = YES;
				CLANG_WARN_DEPRECATED_OBJC_IMPLEMENTATIONS = YES;
				CLANG_WARN_DIRECT_OBJC_ISA_USAGE = YES_ERROR;
				CLANG_WARN_DOCUMENTATION_COMMENTS = YES;
				CLANG_WARN_EMPTY_BODY = YES;
				CLANG_WARN_ENUM_CONVERSION = YES;
				CLANG_WARN_INFINITE_RECURSION = YES;
				CLANG_WARN_INT_CONVERSION = YES;
				CLANG_WARN_NON_LITERAL_NULL_CONVERSION = YES;
				CLANG_WARN_OBJC_IMPLICIT_RETAIN_SELF = YES;
				CLANG_WARN_OBJC_LITERAL_CONVERSION = YES;
				CLANG_WARN_OBJC_ROOT_CLASS = YES_ERROR;
				CLANG_WARN_QUOTED_INCLUDE_IN_FRAMEWORK_HEADER = YES;
				CLANG_WARN_RANGE_LOOP_ANALYSIS = YES;
				CLANG_WARN_STRICT_PROTOTYPES = YES;
				CLANG_WARN_SUSPICIOUS_MOVE = YES;
				CLANG_WARN_UNGUARDED_AVAILABILITY = YES_AGGRESSIVE;
				CLANG_WARN_UNREACHABLE_CODE = YES;
				CLANG_WARN__DUPLICATE_METHOD_MATCH = YES;
				COPY_PHASE_STRIP = NO;
				DEBUG_INFORMATION_FORMAT = "dwarf-with-dsym";
				ENABLE_NS_ASSERTIONS = NO;
				ENABLE_STRICT_OBJC_MSGSEND = YES;
				ENABLE_USER_SCRIPT_SANDBOXING = NO;
				GCC_C_LANGUAGE_STANDARD = gnu17;
				GCC_NO_COMMON_BLOCKS = YES;
				GCC_WARN_64_TO_32_BIT_CONVERSION = YES;
				GCC_WARN_ABOUT_RETURN_TYPE = YES_ERROR;
				GCC_WARN_UNDECLARED_SELECTOR = YES;
				GCC_WARN_UNINITIALIZED_AUTOS = YES_AGGRESSIVE;
				GCC_WARN_UNUSED_FUNCTION = YES;
				GCC_WARN_UNUSED_VARIABLE = YES;
				IPHONEOS_DEPLOYMENT_TARGET = 17.0;
				LOCALIZATION_PREFERS_STRING_CATALOGS = YES;
				MTL_ENABLE_DEBUG_INFO = NO;
				MTL_FAST_MATH = YES;
				SDKROOT = iphoneos;
				SWIFT_COMPILATION_MODE = wholemodule;
				VALIDATE_PRODUCT = YES;
			};
			name = Release;
		};
		560E763A2AEE5155001AEB07 /* Debug */ = {
			isa = XCBuildConfiguration;
			baseConfigurationReference = C2F8185A2A9C6BA9756FA6DB /* Pods-BudjeteProgram.debug.xcconfig */;
			buildSettings = {
				ASSETCATALOG_COMPILER_APPICON_NAME = AppIcon;
				ASSETCATALOG_COMPILER_GLOBAL_ACCENT_COLOR_NAME = AccentColor;
				CODE_SIGN_STYLE = Automatic;
				CURRENT_PROJECT_VERSION = 1;
				GENERATE_INFOPLIST_FILE = YES;
				INFOPLIST_FILE = BudjeteProgram/Info.plist;
				INFOPLIST_KEY_UIApplicationSupportsIndirectInputEvents = YES;
				INFOPLIST_KEY_UILaunchStoryboardName = LaunchScreen;
				INFOPLIST_KEY_UISupportedInterfaceOrientations_iPad = "UIInterfaceOrientationPortrait UIInterfaceOrientationPortraitUpsideDown UIInterfaceOrientationLandscapeLeft UIInterfaceOrientationLandscapeRight";
				INFOPLIST_KEY_UISupportedInterfaceOrientations_iPhone = "UIInterfaceOrientationPortrait UIInterfaceOrientationLandscapeLeft UIInterfaceOrientationLandscapeRight";
				IPHONEOS_DEPLOYMENT_TARGET = 13.0;
				LD_RUNPATH_SEARCH_PATHS = (
					"$(inherited)",
					"@executable_path/Frameworks",
				);
				MARKETING_VERSION = 1.0;
				PRODUCT_BUNDLE_IDENTIFIER = "Altynbek-Dimoon.test.BudjeteProgram";
				PRODUCT_NAME = "$(TARGET_NAME)";
				SWIFT_EMIT_LOC_STRINGS = YES;
				SWIFT_VERSION = 5.0;
				TARGETED_DEVICE_FAMILY = "1,2";
			};
			name = Debug;
		};
		560E763B2AEE5155001AEB07 /* Release */ = {
			isa = XCBuildConfiguration;
			baseConfigurationReference = E8F3A1689AD1C0D28562E889 /* Pods-BudjeteProgram.release.xcconfig */;
			buildSettings = {
				ASSETCATALOG_COMPILER_APPICON_NAME = AppIcon;
				ASSETCATALOG_COMPILER_GLOBAL_ACCENT_COLOR_NAME = AccentColor;
				CODE_SIGN_STYLE = Automatic;
				CURRENT_PROJECT_VERSION = 1;
				GENERATE_INFOPLIST_FILE = YES;
				INFOPLIST_FILE = BudjeteProgram/Info.plist;
				INFOPLIST_KEY_UIApplicationSupportsIndirectInputEvents = YES;
				INFOPLIST_KEY_UILaunchStoryboardName = LaunchScreen;
				INFOPLIST_KEY_UISupportedInterfaceOrientations_iPad = "UIInterfaceOrientationPortrait UIInterfaceOrientationPortraitUpsideDown UIInterfaceOrientationLandscapeLeft UIInterfaceOrientationLandscapeRight";
				INFOPLIST_KEY_UISupportedInterfaceOrientations_iPhone = "UIInterfaceOrientationPortrait UIInterfaceOrientationLandscapeLeft UIInterfaceOrientationLandscapeRight";
				IPHONEOS_DEPLOYMENT_TARGET = 13.0;
				LD_RUNPATH_SEARCH_PATHS = (
					"$(inherited)",
					"@executable_path/Frameworks",
				);
				MARKETING_VERSION = 1.0;
				PRODUCT_BUNDLE_IDENTIFIER = "Altynbek-Dimoon.test.BudjeteProgram";
				PRODUCT_NAME = "$(TARGET_NAME)";
				SWIFT_EMIT_LOC_STRINGS = YES;
				SWIFT_VERSION = 5.0;
				TARGETED_DEVICE_FAMILY = "1,2";
			};
			name = Release;
		};
/* End XCBuildConfiguration section */

/* Begin XCConfigurationList section */
		560E76202AEE5154001AEB07 /* Build configuration list for PBXProject "BudjeteProgram" */ = {
			isa = XCConfigurationList;
			buildConfigurations = (
				560E76372AEE5155001AEB07 /* Debug */,
				560E76382AEE5155001AEB07 /* Release */,
			);
			defaultConfigurationIsVisible = 0;
			defaultConfigurationName = Release;
		};
		560E76392AEE5155001AEB07 /* Build configuration list for PBXNativeTarget "BudjeteProgram" */ = {
			isa = XCConfigurationList;
			buildConfigurations = (
				560E763A2AEE5155001AEB07 /* Debug */,
				560E763B2AEE5155001AEB07 /* Release */,
			);
			defaultConfigurationIsVisible = 0;
			defaultConfigurationName = Release;
		};
/* End XCConfigurationList section */
	};
	rootObject = 560E761D2AEE5154001AEB07 /* Project object */;
}
